
Microsoft Visual Studio Solution File, Format Version 12.00
# Visual Studio Version 16
VisualStudioVersion = 16.0.30621.155
MinimumVisualStudioVersion = 10.0.40219.1
Project("{9A19103F-16F7-4668-BE54-9A1E7A4F7556}") = "CursoMVC", "CursoMVC\CursoMVC.csproj", "{60943652-EB01-41DF-9933-E7DC3F40147F}"
EndProject
Project("{FAE04EC0-301F-11D3-BF4B-00C04F79EFBC}") = "CursoAPI", "CursoAPI\CursoAPI.csproj", "{86B84A24-AEA8-4E5B-87CF-69E82D96400C}"
EndProject
Project("{FAE04EC0-301F-11D3-BF4B-00C04F79EFBC}") = "CursoTest", "CursoTest\CursoTest.csproj", "{661074AA-C05E-445B-B1C9-5ABAB530B684}"
EndProject
Global
	GlobalSection(SolutionConfigurationPlatforms) = preSolution
		Debug|Any CPU = Debug|Any CPU
		Release|Any CPU = Release|Any CPU
	EndGlobalSection
	GlobalSection(ProjectConfigurationPlatforms) = postSolution
		{60943652-EB01-41DF-9933-E7DC3F40147F}.Debug|Any CPU.ActiveCfg = Debug|Any CPU
		{60943652-EB01-41DF-9933-E7DC3F40147F}.Debug|Any CPU.Build.0 = Debug|Any CPU
		{60943652-EB01-41DF-9933-E7DC3F40147F}.Release|Any CPU.ActiveCfg = Release|Any CPU
		{60943652-EB01-41DF-9933-E7DC3F40147F}.Release|Any CPU.Build.0 = Release|Any CPU
		{86B84A24-AEA8-4E5B-87CF-69E82D96400C}.Debug|Any CPU.ActiveCfg = Debug|Any CPU
		{86B84A24-AEA8-4E5B-87CF-69E82D96400C}.Debug|Any CPU.Build.0 = Debug|Any CPU
		{86B84A24-AEA8-4E5B-87CF-69E82D96400C}.Release|Any CPU.ActiveCfg = Release|Any CPU
		{86B84A24-AEA8-4E5B-87CF-69E82D96400C}.Release|Any CPU.Build.0 = Release|Any CPU
		{661074AA-C05E-445B-B1C9-5ABAB530B684}.Debug|Any CPU.ActiveCfg = Debug|Any CPU
		{661074AA-C05E-445B-B1C9-5ABAB530B684}.Debug|Any CPU.Build.0 = Debug|Any CPU
		{661074AA-C05E-445B-B1C9-5ABAB530B684}.Release|Any CPU.ActiveCfg = Release|Any CPU
		{661074AA-C05E-445B-B1C9-5ABAB530B684}.Release|Any CPU.Build.0 = Release|Any CPU
	EndGlobalSection
	GlobalSection(SolutionProperties) = preSolution
		HideSolutionNode = FALSE
	EndGlobalSection
	GlobalSection(ExtensibilityGlobals) = postSolution
		SolutionGuid = {6908A25A-8616-44C2-96DD-E92B0E6F8551}
	EndGlobalSection
EndGlobal
